
Microsoft Visual Studio Solution File, Format Version 12.00
# Visual Studio Version 17
VisualStudioVersion = 17.13.35825.156 d17.13
MinimumVisualStudioVersion = 10.0.40219.1
Project("{FAE04EC0-301F-11D3-BF4B-00C04F79EFBC}") = "BasicCustomerService", "BasicCustomerService\BasicCustomerService.csproj", "{C8585E03-2EF1-4371-99D9-6F341DE27060}"
EndProject
Global
	GlobalSection(SolutionConfigurationPlatforms) = preSolution
		Debug|Any CPU = Debug|Any CPU
		Release|Any CPU = Release|Any CPU
	EndGlobalSection
	GlobalSection(ProjectConfigurationPlatforms) = postSolution
		{C8585E03-2EF1-4371-99D9-6F341DE27060}.Debug|Any CPU.ActiveCfg = Debug|Any CPU
		{C8585E03-2EF1-4371-99D9-6F341DE27060}.Debug|Any CPU.Build.0 = Debug|Any CPU
		{C8585E03-2EF1-4371-99D9-6F341DE27060}.Release|Any CPU.ActiveCfg = Release|Any CPU
		{C8585E03-2EF1-4371-99D9-6F341DE27060}.Release|Any CPU.Build.0 = Release|Any CPU
	EndGlobalSection
	GlobalSection(SolutionProperties) = preSolution
		HideSolutionNode = FALSE
	EndGlobalSection
	GlobalSection(ExtensibilityGlobals) = postSolution
		SolutionGuid = {832B0944-CFD4-4563-BF6D-519474F807AF}
	EndGlobalSection
EndGlobal
